// !$*UTF8*$!
{
	archiveVersion = 1;
	classes = {
	};
	objectVersion = 50;
	objects = {

/* Begin PBXBuildFile section */
		CE02A25722224EF000554DAE /* Userinfo.swift in Sources */ = {isa = PBXBuildFile; fileRef = CE02A25622224EF000554DAE /* Userinfo.swift */; };
		CE02A25B22226D4700554DAE /* StudentInfoViewController.swift in Sources */ = {isa = PBXBuildFile; fileRef = CE02A25A22226D4700554DAE /* StudentInfoViewController.swift */; };
		CE02A25E22226F9D00554DAE /* SingleStudent.swift in Sources */ = {isa = PBXBuildFile; fileRef = CE02A25D22226F9D00554DAE /* SingleStudent.swift */; };
		CE02A2602222704300554DAE /* StudentTableViewCell.swift in Sources */ = {isa = PBXBuildFile; fileRef = CE02A25F2222704300554DAE /* StudentTableViewCell.swift */; };
		CE48995F221FD0F900608714 /* RandomUserInfoViewController.swift in Sources */ = {isa = PBXBuildFile; fileRef = CE48995E221FD0F900608714 /* RandomUserInfoViewController.swift */; };
		CE489961221FD15F00608714 /* InfoTableViewCell.swift in Sources */ = {isa = PBXBuildFile; fileRef = CE489960221FD15F00608714 /* InfoTableViewCell.swift */; };
		CEEA0FF8221FAEE500DF9A5E /* AppDelegate.swift in Sources */ = {isa = PBXBuildFile; fileRef = CEEA0FF7221FAEE500DF9A5E /* AppDelegate.swift */; };
		CEEA0FFD221FAEE500DF9A5E /* Main.storyboard in Resources */ = {isa = PBXBuildFile; fileRef = CEEA0FFB221FAEE500DF9A5E /* Main.storyboard */; };
		CEEA0FFF221FAEE700DF9A5E /* Assets.xcassets in Resources */ = {isa = PBXBuildFile; fileRef = CEEA0FFE221FAEE700DF9A5E /* Assets.xcassets */; };
		CEEA1002221FAEE700DF9A5E /* LaunchScreen.storyboard in Resources */ = {isa = PBXBuildFile; fileRef = CEEA1000221FAEE700DF9A5E /* LaunchScreen.storyboard */; };
		CEEA100A221FAF3700DF9A5E /* MainViewController.swift in Sources */ = {isa = PBXBuildFile; fileRef = CEEA1009221FAF3700DF9A5E /* MainViewController.swift */; };
		CEFA73D622237CCE00A09FAB /* SingleStudentInfoViewController.swift in Sources */ = {isa = PBXBuildFile; fileRef = CEFA73D522237CCE00A09FAB /* SingleStudentInfoViewController.swift */; };
		CEFA73D82223838800A09FAB /* SingleStudentDetail.swift in Sources */ = {isa = PBXBuildFile; fileRef = CEFA73D72223838800A09FAB /* SingleStudentDetail.swift */; };
		CEFA73DA2223B0B500A09FAB /* PostForPicture.swift in Sources */ = {isa = PBXBuildFile; fileRef = CEFA73D92223B0B500A09FAB /* PostForPicture.swift */; };
/* End PBXBuildFile section */

/* Begin PBXFileReference section */
		CE02A25622224EF000554DAE /* Userinfo.swift */ = {isa = PBXFileReference; lastKnownFileType = sourcecode.swift; path = Userinfo.swift; sourceTree = "<group>"; };
		CE02A25A22226D4700554DAE /* StudentInfoViewController.swift */ = {isa = PBXFileReference; lastKnownFileType = sourcecode.swift; path = StudentInfoViewController.swift; sourceTree = "<group>"; };
		CE02A25D22226F9D00554DAE /* SingleStudent.swift */ = {isa = PBXFileReference; lastKnownFileType = sourcecode.swift; path = SingleStudent.swift; sourceTree = "<group>"; };
		CE02A25F2222704300554DAE /* StudentTableViewCell.swift */ = {isa = PBXFileReference; lastKnownFileType = sourcecode.swift; path = StudentTableViewCell.swift; sourceTree = "<group>"; };
		CE48995E221FD0F900608714 /* RandomUserInfoViewController.swift */ = {isa = PBXFileReference; lastKnownFileType = sourcecode.swift; path = RandomUserInfoViewController.swift; sourceTree = "<group>"; };
		CE489960221FD15F00608714 /* InfoTableViewCell.swift */ = {isa = PBXFileReference; lastKnownFileType = sourcecode.swift; path = InfoTableViewCell.swift; sourceTree = "<group>"; };
		CEEA0FF4221FAEE500DF9A5E /* 网络传值.app */ = {isa = PBXFileReference; explicitFileType = wrapper.application; includeInIndex = 0; path = "网络传值.app"; sourceTree = BUILT_PRODUCTS_DIR; };
		CEEA0FF7221FAEE500DF9A5E /* AppDelegate.swift */ = {isa = PBXFileReference; lastKnownFileType = sourcecode.swift; path = AppDelegate.swift; sourceTree = "<group>"; };
		CEEA0FFC221FAEE500DF9A5E /* Base */ = {isa = PBXFileReference; lastKnownFileType = file.storyboard; name = Base; path = Base.lproj/Main.storyboard; sourceTree = "<group>"; };
		CEEA0FFE221FAEE700DF9A5E /* Assets.xcassets */ = {isa = PBXFileReference; lastKnownFileType = folder.assetcatalog; path = Assets.xcassets; sourceTree = "<group>"; };
		CEEA1001221FAEE700DF9A5E /* Base */ = {isa = PBXFileReference; lastKnownFileType = file.storyboard; name = Base; path = Base.lproj/LaunchScreen.storyboard; sourceTree = "<group>"; };
		CEEA1003221FAEE700DF9A5E /* Info.plist */ = {isa = PBXFileReference; lastKnownFileType = text.plist.xml; path = Info.plist; sourceTree = "<group>"; };
		CEEA1009221FAF3700DF9A5E /* MainViewController.swift */ = {isa = PBXFileReference; lastKnownFileType = sourcecode.swift; path = MainViewController.swift; sourceTree = "<group>"; };
		CEFA73D522237CCE00A09FAB /* SingleStudentInfoViewController.swift */ = {isa = PBXFileReference; lastKnownFileType = sourcecode.swift; path = SingleStudentInfoViewController.swift; sourceTree = "<group>"; };
		CEFA73D72223838800A09FAB /* SingleStudentDetail.swift */ = {isa = PBXFileReference; lastKnownFileType = sourcecode.swift; path = SingleStudentDetail.swift; sourceTree = "<group>"; };
		CEFA73D92223B0B500A09FAB /* PostForPicture.swift */ = {isa = PBXFileReference; lastKnownFileType = sourcecode.swift; path = PostForPicture.swift; sourceTree = "<group>"; };
/* End PBXFileReference section */

/* Begin PBXFrameworksBuildPhase section */
		CEEA0FF1221FAEE500DF9A5E /* Frameworks */ = {
			isa = PBXFrameworksBuildPhase;
			buildActionMask = 2147483647;
			files = (
			);
			runOnlyForDeploymentPostprocessing = 0;
		};
/* End PBXFrameworksBuildPhase section */

/* Begin PBXGroup section */
		CE02A25822226D0200554DAE /* 下载图片 */ = {
			isa = PBXGroup;
			children = (
				CEEA1009221FAF3700DF9A5E /* MainViewController.swift */,
			);
			path = "下载图片";
			sourceTree = "<group>";
		};
		CE02A25922226D1500554DAE /* 选择随机用户 */ = {
			isa = PBXGroup;
			children = (
				CE02A25622224EF000554DAE /* Userinfo.swift */,
				CE489960221FD15F00608714 /* InfoTableViewCell.swift */,
				CE48995E221FD0F900608714 /* RandomUserInfoViewController.swift */,
			);
			path = "选择随机用户";
			sourceTree = "<group>";
		};
		CE02A25C22226D5000554DAE /* POST通信 */ = {
			isa = PBXGroup;
			children = (
				CE02A25A22226D4700554DAE /* StudentInfoViewController.swift */,
				CE02A25D22226F9D00554DAE /* SingleStudent.swift */,
				CE02A25F2222704300554DAE /* StudentTableViewCell.swift */,
				CEFA73D522237CCE00A09FAB /* SingleStudentInfoViewController.swift */,
				CEFA73D72223838800A09FAB /* SingleStudentDetail.swift */,
				CEFA73D92223B0B500A09FAB /* PostForPicture.swift */,
			);
			path = "POST通信";
			sourceTree = "<group>";
		};
		CEEA0FEB221FAEE500DF9A5E = {
			isa = PBXGroup;
			children = (
				CEEA0FF6221FAEE500DF9A5E /* 网络传值 */,
				CEEA0FF5221FAEE500DF9A5E /* Products */,
			);
			sourceTree = "<group>";
		};
		CEEA0FF5221FAEE500DF9A5E /* Products */ = {
			isa = PBXGroup;
			children = (
				CEEA0FF4221FAEE500DF9A5E /* 网络传值.app */,
			);
			name = Products;
			sourceTree = "<group>";
		};
		CEEA0FF6221FAEE500DF9A5E /* 网络传值 */ = {
			isa = PBXGroup;
			children = (
				CE02A25C22226D5000554DAE /* POST通信 */,
				CE02A25922226D1500554DAE /* 选择随机用户 */,
				CE02A25822226D0200554DAE /* 下载图片 */,
				CEEA0FF7221FAEE500DF9A5E /* AppDelegate.swift */,
				CEEA0FFB221FAEE500DF9A5E /* Main.storyboard */,
				CEEA0FFE221FAEE700DF9A5E /* Assets.xcassets */,
				CEEA1000221FAEE700DF9A5E /* LaunchScreen.storyboard */,
				CEEA1003221FAEE700DF9A5E /* Info.plist */,
			);
			path = "网络传值";
			sourceTree = "<group>";
		};
/* End PBXGroup section */

/* Begin PBXNativeTarget section */
		CEEA0FF3221FAEE500DF9A5E /* 网络传值 */ = {
			isa = PBXNativeTarget;
			buildConfigurationList = CEEA1006221FAEE700DF9A5E /* Build configuration list for PBXNativeTarget "网络传值" */;
			buildPhases = (
				CEEA0FF0221FAEE500DF9A5E /* Sources */,
				CEEA0FF1221FAEE500DF9A5E /* Frameworks */,
				CEEA0FF2221FAEE500DF9A5E /* Resources */,
			);
			buildRules = (
			);
			dependencies = (
			);
			name = "网络传值";
			productName = "网络传值";
			productReference = CEEA0FF4221FAEE500DF9A5E /* 网络传值.app */;
			productType = "com.apple.product-type.application";
		};
/* End PBXNativeTarget section */

/* Begin PBXProject section */
		CEEA0FEC221FAEE500DF9A5E /* Project object */ = {
			isa = PBXProject;
			attributes = {
				LastSwiftUpdateCheck = 1010;
				LastUpgradeCheck = 1010;
				ORGANIZATIONNAME = ZZL;
				TargetAttributes = {
					CEEA0FF3221FAEE500DF9A5E = {
						CreatedOnToolsVersion = 10.1;
					};
				};
			};
			buildConfigurationList = CEEA0FEF221FAEE500DF9A5E /* Build configuration list for PBXProject "网络传值" */;
			compatibilityVersion = "Xcode 9.3";
			developmentRegion = en;
			hasScannedForEncodings = 0;
			knownRegions = (
				en,
				Base,
			);
			mainGroup = CEEA0FEB221FAEE500DF9A5E;
			productRefGroup = CEEA0FF5221FAEE500DF9A5E /* Products */;
			projectDirPath = "";
			projectRoot = "";
			targets = (
				CEEA0FF3221FAEE500DF9A5E /* 网络传值 */,
			);
		};
/* End PBXProject section */

/* Begin PBXResourcesBuildPhase section */
		CEEA0FF2221FAEE500DF9A5E /* Resources */ = {
			isa = PBXResourcesBuildPhase;
			buildActionMask = 2147483647;
			files = (
				CEEA1002221FAEE700DF9A5E /* LaunchScreen.storyboard in Resources */,
				CEEA0FFF221FAEE700DF9A5E /* Assets.xcassets in Resources */,
				CEEA0FFD221FAEE500DF9A5E /* Main.storyboard in Resources */,
			);
			runOnlyForDeploymentPostprocessing = 0;
		};
/* End PBXResourcesBuildPhase section */

/* Begin PBXSourcesBuildPhase section */
		CEEA0FF0221FAEE500DF9A5E /* Sources */ = {
			isa = PBXSourcesBuildPhase;
			buildActionMask = 2147483647;
			files = (
				CEEA0FF8221FAEE500DF9A5E /* AppDelegate.swift in Sources */,
				CE02A25722224EF000554DAE /* Userinfo.swift in Sources */,
				CE489961221FD15F00608714 /* InfoTableViewCell.swift in Sources */,
				CE02A25E22226F9D00554DAE /* SingleStudent.swift in Sources */,
				CEEA100A221FAF3700DF9A5E /* MainViewController.swift in Sources */,
				CE02A25B22226D4700554DAE /* StudentInfoViewController.swift in Sources */,
				CEFA73D82223838800A09FAB /* SingleStudentDetail.swift in Sources */,
				CE48995F221FD0F900608714 /* RandomUserInfoViewController.swift in Sources */,
				CEFA73D622237CCE00A09FAB /* SingleStudentInfoViewController.swift in Sources */,
				CEFA73DA2223B0B500A09FAB /* PostForPicture.swift in Sources */,
				CE02A2602222704300554DAE /* StudentTableViewCell.swift in Sources */,
			);
			runOnlyForDeploymentPostprocessing = 0;
		};
/* End PBXSourcesBuildPhase section */

/* Begin PBXVariantGroup section */
		CEEA0FFB221FAEE500DF9A5E /* Main.storyboard */ = {
			isa = PBXVariantGroup;
			children = (
				CEEA0FFC221FAEE500DF9A5E /* Base */,
			);
			name = Main.storyboard;
			sourceTree = "<group>";
		};
		CEEA1000221FAEE700DF9A5E /* LaunchScreen.storyboard */ = {
			isa = PBXVariantGroup;
			children = (
				CEEA1001221FAEE700DF9A5E /* Base */,
			);
			name = LaunchScreen.storyboard;
			sourceTree = "<group>";
		};
/* End PBXVariantGroup section */

/* Begin XCBuildConfiguration section */
		CEEA1004221FAEE700DF9A5E /* Debug */ = {
			isa = XCBuildConfiguration;
			buildSettings = {
				ALWAYS_SEARCH_USER_PATHS = NO;
				CLANG_ANALYZER_NONNULL = YES;
				CLANG_ANALYZER_NUMBER_OBJECT_CONVERSION = YES_AGGRESSIVE;
				CLANG_CXX_LANGUAGE_STANDARD = "gnu++14";
				CLANG_CXX_LIBRARY = "libc++";
				CLANG_ENABLE_MODULES = YES;
				CLANG_ENABLE_OBJC_ARC = YES;
				CLANG_ENABLE_OBJC_WEAK = YES;
				CLANG_WARN_BLOCK_CAPTURE_AUTORELEASING = YES;
				CLANG_WARN_BOOL_CONVERSION = YES;
				CLANG_WARN_COMMA = YES;
				CLANG_WARN_CONSTANT_CONVERSION = YES;
				CLANG_WARN_DEPRECATED_OBJC_IMPLEMENTATIONS = YES;
				CLANG_WARN_DIRECT_OBJC_ISA_USAGE = YES_ERROR;
				CLANG_WARN_DOCUMENTATION_COMMENTS = YES;
				CLANG_WARN_EMPTY_BODY = YES;
				CLANG_WARN_ENUM_CONVERSION = YES;
				CLANG_WARN_INFINITE_RECURSION = YES;
				CLANG_WARN_INT_CONVERSION = YES;
				CLANG_WARN_NON_LITERAL_NULL_CONVERSION = YES;
				CLANG_WARN_OBJC_IMPLICIT_RETAIN_SELF = YES;
				CLANG_WARN_OBJC_LITERAL_CONVERSION = YES;
				CLANG_WARN_OBJC_ROOT_CLASS = YES_ERROR;
				CLANG_WARN_RANGE_LOOP_ANALYSIS = YES;
				CLANG_WARN_STRICT_PROTOTYPES = YES;
				CLANG_WARN_SUSPICIOUS_MOVE = YES;
				CLANG_WARN_UNGUARDED_AVAILABILITY = YES_AGGRESSIVE;
				CLANG_WARN_UNREACHABLE_CODE = YES;
				CLANG_WARN__DUPLICATE_METHOD_MATCH = YES;
				CODE_SIGN_IDENTITY = "iPhone Developer";
				COPY_PHASE_STRIP = NO;
				DEBUG_INFORMATION_FORMAT = dwarf;
				ENABLE_STRICT_OBJC_MSGSEND = YES;
				ENABLE_TESTABILITY = YES;
				GCC_C_LANGUAGE_STANDARD = gnu11;
				GCC_DYNAMIC_NO_PIC = NO;
				GCC_NO_COMMON_BLOCKS = YES;
				GCC_OPTIMIZATION_LEVEL = 0;
				GCC_PREPROCESSOR_DEFINITIONS = (
					"DEBUG=1",
					"$(inherited)",
				);
				GCC_WARN_64_TO_32_BIT_CONVERSION = YES;
				GCC_WARN_ABOUT_RETURN_TYPE = YES_ERROR;
				GCC_WARN_UNDECLARED_SELECTOR = YES;
				GCC_WARN_UNINITIALIZED_AUTOS = YES_AGGRESSIVE;
				GCC_WARN_UNUSED_FUNCTION = YES;
				GCC_WARN_UNUSED_VARIABLE = YES;
				IPHONEOS_DEPLOYMENT_TARGET = 12.1;
				MTL_ENABLE_DEBUG_INFO = INCLUDE_SOURCE;
				MTL_FAST_MATH = YES;
				ONLY_ACTIVE_ARCH = YES;
				SDKROOT = iphoneos;
				SWIFT_ACTIVE_COMPILATION_CONDITIONS = DEBUG;
				SWIFT_OPTIMIZATION_LEVEL = "-Onone";
			};
			name = Debug;
		};
		CEEA1005221FAEE700DF9A5E /* Release */ = {
			isa = XCBuildConfiguration;
			buildSettings = {
				ALWAYS_SEARCH_USER_PATHS = NO;
				CLANG_ANALYZER_NONNULL = YES;
				CLANG_ANALYZER_NUMBER_OBJECT_CONVERSION = YES_AGGRESSIVE;
				CLANG_CXX_LANGUAGE_STANDARD = "gnu++14";
				CLANG_CXX_LIBRARY = "libc++";
				CLANG_ENABLE_MODULES = YES;
				CLANG_ENABLE_OBJC_ARC = YES;
				CLANG_ENABLE_OBJC_WEAK = YES;
				CLANG_WARN_BLOCK_CAPTURE_AUTORELEASING = YES;
				CLANG_WARN_BOOL_CONVERSION = YES;
				CLANG_WARN_COMMA = YES;
				CLANG_WARN_CONSTANT_CONVERSION = YES;
				CLANG_WARN_DEPRECATED_OBJC_IMPLEMENTATIONS = YES;
				CLANG_WARN_DIRECT_OBJC_ISA_USAGE = YES_ERROR;
				CLANG_WARN_DOCUMENTATION_COMMENTS = YES;
				CLANG_WARN_EMPTY_BODY = YES;
				CLANG_WARN_ENUM_CONVERSION = YES;
				CLANG_WARN_INFINITE_RECURSION = YES;
				CLANG_WARN_INT_CONVERSION = YES;
				CLANG_WARN_NON_LITERAL_NULL_CONVERSION = YES;
				CLANG_WARN_OBJC_IMPLICIT_RETAIN_SELF = YES;
				CLANG_WARN_OBJC_LITERAL_CONVERSION = YES;
				CLANG_WARN_OBJC_ROOT_CLASS = YES_ERROR;
				CLANG_WARN_RANGE_LOOP_ANALYSIS = YES;
				CLANG_WARN_STRICT_PROTOTYPES = YES;
				CLANG_WARN_SUSPICIOUS_MOVE = YES;
				CLANG_WARN_UNGUARDED_AVAILABILITY = YES_AGGRESSIVE;
				CLANG_WARN_UNREACHABLE_CODE = YES;
				CLANG_WARN__DUPLICATE_METHOD_MATCH = YES;
				CODE_SIGN_IDENTITY = "iPhone Developer";
				COPY_PHASE_STRIP = NO;
				DEBUG_INFORMATION_FORMAT = "dwarf-with-dsym";
				ENABLE_NS_ASSERTIONS = NO;
				ENABLE_STRICT_OBJC_MSGSEND = YES;
				GCC_C_LANGUAGE_STANDARD = gnu11;
				GCC_NO_COMMON_BLOCKS = YES;
				GCC_WARN_64_TO_32_BIT_CONVERSION = YES;
				GCC_WARN_ABOUT_RETURN_TYPE = YES_ERROR;
				GCC_WARN_UNDECLARED_SELECTOR = YES;
				GCC_WARN_UNINITIALIZED_AUTOS = YES_AGGRESSIVE;
				GCC_WARN_UNUSED_FUNCTION = YES;
				GCC_WARN_UNUSED_VARIABLE = YES;
				IPHONEOS_DEPLOYMENT_TARGET = 12.1;
				MTL_ENABLE_DEBUG_INFO = NO;
				MTL_FAST_MATH = YES;
				SDKROOT = iphoneos;
				SWIFT_COMPILATION_MODE = wholemodule;
				SWIFT_OPTIMIZATION_LEVEL = "-O";
				VALIDATE_PRODUCT = YES;
			};
			name = Release;
		};
		CEEA1007221FAEE700DF9A5E /* Debug */ = {
			isa = XCBuildConfiguration;
			buildSettings = {
				ASSETCATALOG_COMPILER_APPICON_NAME = AppIcon;
				CODE_SIGN_STYLE = Automatic;
				DEVELOPMENT_TEAM = V79L5X8WQ8;
				INFOPLIST_FILE = "网络传值/Info.plist";
				LD_RUNPATH_SEARCH_PATHS = (
					"$(inherited)",
					"@executable_path/Frameworks",
				);
				PRODUCT_BUNDLE_IDENTIFIER = "ZZL-computer.----";
				PRODUCT_NAME = "$(TARGET_NAME)";
				SWIFT_VERSION = 4.2;
				TARGETED_DEVICE_FAMILY = "1,2";
			};
			name = Debug;
		};
		CEEA1008221FAEE700DF9A5E /* Release */ = {
			isa = XCBuildConfiguration;
			buildSettings = {
				ASSETCATALOG_COMPILER_APPICON_NAME = AppIcon;
				CODE_SIGN_STYLE = Automatic;
				DEVELOPMENT_TEAM = V79L5X8WQ8;
				INFOPLIST_FILE = "网络传值/Info.plist";
				LD_RUNPATH_SEARCH_PATHS = (
					"$(inherited)",
					"@executable_path/Frameworks",
				);
				PRODUCT_BUNDLE_IDENTIFIER = "ZZL-computer.----";
				PRODUCT_NAME = "$(TARGET_NAME)";
				SWIFT_VERSION = 4.2;
				TARGETED_DEVICE_FAMILY = "1,2";
			};
			name = Release;
		};
/* End XCBuildConfiguration section */

/* Begin XCConfigurationList section */
		CEEA0FEF221FAEE500DF9A5E /* Build configuration list for PBXProject "网络传值" */ = {
			isa = XCConfigurationList;
			buildConfigurations = (
				CEEA1004221FAEE700DF9A5E /* Debug */,
				CEEA1005221FAEE700DF9A5E /* Release */,
			);
			defaultConfigurationIsVisible = 0;
			defaultConfigurationName = Release;
		};
		CEEA1006221FAEE700DF9A5E /* Build configuration list for PBXNativeTarget "网络传值" */ = {
			isa = XCConfigurationList;
			buildConfigurations = (
				CEEA1007221FAEE700DF9A5E /* Debug */,
				CEEA1008221FAEE700DF9A5E /* Release */,
			);
			defaultConfigurationIsVisible = 0;
			defaultConfigurationName = Release;
		};
/* End XCConfigurationList section */
	};
	rootObject = CEEA0FEC221FAEE500DF9A5E /* Project object */;
}
